
Microsoft Visual Studio Solution File, Format Version 12.00
# Visual Studio Version 17
VisualStudioVersion = 17.14.36310.24
MinimumVisualStudioVersion = 10.0.40219.1
Project("{FAE04EC0-301F-11D3-BF4B-00C04F79EFBC}") = "Grula.PricingIntelligencePlatform.Sdk", "Grula.PricingIntelligencePlatform.Sdk\Grula.PricingIntelligencePlatform.Sdk.csproj", "{57564ABF-AE28-41FE-9756-CD8C59EE2685}"
EndProject
Global
	GlobalSection(SolutionConfigurationPlatforms) = preSolution
		Debug|Any CPU = Debug|Any CPU
		Release|Any CPU = Release|Any CPU
	EndGlobalSection
	GlobalSection(ProjectConfigurationPlatforms) = postSolution
		{57564ABF-AE28-41FE-9756-CD8C59EE2685}.Debug|Any CPU.ActiveCfg = Debug|Any CPU
		{57564ABF-AE28-41FE-9756-CD8C59EE2685}.Debug|Any CPU.Build.0 = Debug|Any CPU
		{57564ABF-AE28-41FE-9756-CD8C59EE2685}.Release|Any CPU.ActiveCfg = Release|Any CPU
		{57564ABF-AE28-41FE-9756-CD8C59EE2685}.Release|Any CPU.Build.0 = Release|Any CPU
	EndGlobalSection
	GlobalSection(SolutionProperties) = preSolution
		HideSolutionNode = FALSE
	EndGlobalSection
	GlobalSection(ExtensibilityGlobals) = postSolution
		SolutionGuid = {D485389C-B641-47D6-B05A-084DE9DF0B1C}
	EndGlobalSection
EndGlobal
