
Microsoft Visual Studio Solution File, Format Version 12.00
# Visual Studio Version 17
VisualStudioVersion = 17.14.36310.24
MinimumVisualStudioVersion = 10.0.40219.1
Project("{FAE04EC0-301F-11D3-BF4B-00C04F79EFBC}") = "PricingIntelligencePlatform.Sdk", "PricingIntelligencePlatform.Sdk\PricingIntelligencePlatform.Sdk.csproj", "{6DFC35F8-EDD5-4A5D-8BEA-EE69B9BFE10F}"
EndProject
Global
	GlobalSection(SolutionConfigurationPlatforms) = preSolution
		Debug|Any CPU = Debug|Any CPU
		Release|Any CPU = Release|Any CPU
	EndGlobalSection
	GlobalSection(ProjectConfigurationPlatforms) = postSolution
		{6DFC35F8-EDD5-4A5D-8BEA-EE69B9BFE10F}.Debug|Any CPU.ActiveCfg = Debug|Any CPU
		{6DFC35F8-EDD5-4A5D-8BEA-EE69B9BFE10F}.Debug|Any CPU.Build.0 = Debug|Any CPU
		{6DFC35F8-EDD5-4A5D-8BEA-EE69B9BFE10F}.Release|Any CPU.ActiveCfg = Release|Any CPU
		{6DFC35F8-EDD5-4A5D-8BEA-EE69B9BFE10F}.Release|Any CPU.Build.0 = Release|Any CPU
	EndGlobalSection
	GlobalSection(SolutionProperties) = preSolution
		HideSolutionNode = FALSE
	EndGlobalSection
	GlobalSection(ExtensibilityGlobals) = postSolution
		SolutionGuid = {D485389C-B641-47D6-B05A-084DE9DF0B1C}
	EndGlobalSection
EndGlobal
